
Microsoft Visual Studio Solution File, Format Version 12.00
# Visual Studio Version 17
VisualStudioVersion = 17.4.33110.190
MinimumVisualStudioVersion = 10.0.40219.1
Project("{FAE04EC0-301F-11D3-BF4B-00C04F79EFBC}") = "BarbAgenda", "BarbAgenda\BarbAgenda.csproj", "{7AC30E64-950C-416F-9AEA-05EC83705915}"
EndProject
Global
	GlobalSection(SolutionConfigurationPlatforms) = preSolution
		Debug|Any CPU = Debug|Any CPU
		Release|Any CPU = Release|Any CPU
	EndGlobalSection
	GlobalSection(ProjectConfigurationPlatforms) = postSolution
		{7AC30E64-950C-416F-9AEA-05EC83705915}.Debug|Any CPU.ActiveCfg = Debug|Any CPU
		{7AC30E64-950C-416F-9AEA-05EC83705915}.Debug|Any CPU.Build.0 = Debug|Any CPU
		{7AC30E64-950C-416F-9AEA-05EC83705915}.Release|Any CPU.ActiveCfg = Release|Any CPU
		{7AC30E64-950C-416F-9AEA-05EC83705915}.Release|Any CPU.Build.0 = Release|Any CPU
	EndGlobalSection
	GlobalSection(SolutionProperties) = preSolution
		HideSolutionNode = FALSE
	EndGlobalSection
	GlobalSection(ExtensibilityGlobals) = postSolution
		SolutionGuid = {6FD87282-1CC2-4AD3-97C8-797AD94DB93C}
	EndGlobalSection
EndGlobal
